
Microsoft Visual Studio Solution File, Format Version 12.00
# Visual Studio 15
VisualStudioVersion = 15.0.28010.2041
MinimumVisualStudioVersion = 10.0.40219.1
Project("{FAE04EC0-301F-11D3-BF4B-00C04F79EFBC}") = "Bus_web", "Bus_web\Bus_web.csproj", "{FBAE5C11-B669-4652-A54F-2C03DE61195C}"
EndProject
Global
	GlobalSection(SolutionConfigurationPlatforms) = preSolution
		Debug|Any CPU = Debug|Any CPU
		Release|Any CPU = Release|Any CPU
	EndGlobalSection
	GlobalSection(ProjectConfigurationPlatforms) = postSolution
		{FBAE5C11-B669-4652-A54F-2C03DE61195C}.Debug|Any CPU.ActiveCfg = Debug|Any CPU
		{FBAE5C11-B669-4652-A54F-2C03DE61195C}.Debug|Any CPU.Build.0 = Debug|Any CPU
		{FBAE5C11-B669-4652-A54F-2C03DE61195C}.Release|Any CPU.ActiveCfg = Release|Any CPU
		{FBAE5C11-B669-4652-A54F-2C03DE61195C}.Release|Any CPU.Build.0 = Release|Any CPU
	EndGlobalSection
	GlobalSection(SolutionProperties) = preSolution
		HideSolutionNode = FALSE
	EndGlobalSection
	GlobalSection(ExtensibilityGlobals) = postSolution
		SolutionGuid = {E21A82B9-87A3-4C71-BF51-7E9130273B1A}
	EndGlobalSection
EndGlobal
